
Microsoft Visual Studio Solution File, Format Version 12.00
# Visual Studio Version 17
VisualStudioVersion = 17.9.34723.18
MinimumVisualStudioVersion = 10.0.40219.1
Project("{FAE04EC0-301F-11D3-BF4B-00C04F79EFBC}") = "HelloWorld", "HelloWorld\HelloWorld.csproj", "{011FFB60-757F-4810-B341-99F721E78B1C}"
EndProject
Project("{FAE04EC0-301F-11D3-BF4B-00C04F79EFBC}") = "DoneDealApp", "DoneDealApp\DoneDealApp.csproj", "{65809D1A-1D6D-496F-9E88-7122A65126A6}"
EndProject
Global
	GlobalSection(SolutionConfigurationPlatforms) = preSolution
		Debug|Any CPU = Debug|Any CPU
		Release|Any CPU = Release|Any CPU
	EndGlobalSection
	GlobalSection(ProjectConfigurationPlatforms) = postSolution
		{011FFB60-757F-4810-B341-99F721E78B1C}.Debug|Any CPU.ActiveCfg = Debug|Any CPU
		{011FFB60-757F-4810-B341-99F721E78B1C}.Debug|Any CPU.Build.0 = Debug|Any CPU
		{011FFB60-757F-4810-B341-99F721E78B1C}.Release|Any CPU.ActiveCfg = Release|Any CPU
		{011FFB60-757F-4810-B341-99F721E78B1C}.Release|Any CPU.Build.0 = Release|Any CPU
		{65809D1A-1D6D-496F-9E88-7122A65126A6}.Debug|Any CPU.ActiveCfg = Debug|Any CPU
		{65809D1A-1D6D-496F-9E88-7122A65126A6}.Debug|Any CPU.Build.0 = Debug|Any CPU
		{65809D1A-1D6D-496F-9E88-7122A65126A6}.Release|Any CPU.ActiveCfg = Release|Any CPU
		{65809D1A-1D6D-496F-9E88-7122A65126A6}.Release|Any CPU.Build.0 = Release|Any CPU
	EndGlobalSection
	GlobalSection(SolutionProperties) = preSolution
		HideSolutionNode = FALSE
	EndGlobalSection
	GlobalSection(ExtensibilityGlobals) = postSolution
		SolutionGuid = {1A6F9063-8B65-4C77-B633-3F594745D743}
	EndGlobalSection
EndGlobal
